
Microsoft Visual Studio Solution File, Format Version 12.00
# Visual Studio Version 17
VisualStudioVersion = 17.10.35013.160
MinimumVisualStudioVersion = 10.0.40219.1
Project("{FAE04EC0-301F-11D3-BF4B-00C04F79EFBC}") = "DESAISIV-Task-Omar-Almahammed", "DESAISIV-Task-Omar-Almahammed\DESAISIV-Task-Omar-Almahammed.csproj", "{C35FDEF0-1CC2-40AF-9754-42791D2806F2}"
EndProject
Global
	GlobalSection(SolutionConfigurationPlatforms) = preSolution
		Debug|Any CPU = Debug|Any CPU
		Release|Any CPU = Release|Any CPU
	EndGlobalSection
	GlobalSection(ProjectConfigurationPlatforms) = postSolution
		{C35FDEF0-1CC2-40AF-9754-42791D2806F2}.Debug|Any CPU.ActiveCfg = Debug|Any CPU
		{C35FDEF0-1CC2-40AF-9754-42791D2806F2}.Debug|Any CPU.Build.0 = Debug|Any CPU
		{C35FDEF0-1CC2-40AF-9754-42791D2806F2}.Release|Any CPU.ActiveCfg = Release|Any CPU
		{C35FDEF0-1CC2-40AF-9754-42791D2806F2}.Release|Any CPU.Build.0 = Release|Any CPU
	EndGlobalSection
	GlobalSection(SolutionProperties) = preSolution
		HideSolutionNode = FALSE
	EndGlobalSection
	GlobalSection(ExtensibilityGlobals) = postSolution
		SolutionGuid = {DDCF6DAB-9AFC-4CAD-B2CE-D74DA2DE3D5F}
	EndGlobalSection
EndGlobal
